
Microsoft Visual Studio Solution File, Format Version 12.00
# Visual Studio Version 17
VisualStudioVersion = 17.3.32825.248
MinimumVisualStudioVersion = 10.0.40219.1
Project("{54A90642-561A-4BB1-A94E-469ADEE60C69}") = "ReadingList.Client", "ReadingList.Client\ReadingList.Client.esproj", "{6DAA3B06-7C37-43A9-BB00-4D12E5A993CC}"
EndProject
Project("{FAE04EC0-301F-11D3-BF4B-00C04F79EFBC}") = "ReadingList", "ReadingList\ReadingList.csproj", "{00E0BEFB-3DE6-4F51-90CB-804F413A321B}"
EndProject
Global
	GlobalSection(SolutionConfigurationPlatforms) = preSolution
		Debug|Any CPU = Debug|Any CPU
		Release|Any CPU = Release|Any CPU
	EndGlobalSection
	GlobalSection(ProjectConfigurationPlatforms) = postSolution
		{6DAA3B06-7C37-43A9-BB00-4D12E5A993CC}.Debug|Any CPU.ActiveCfg = Debug|Any CPU
		{6DAA3B06-7C37-43A9-BB00-4D12E5A993CC}.Debug|Any CPU.Build.0 = Debug|Any CPU
		{6DAA3B06-7C37-43A9-BB00-4D12E5A993CC}.Debug|Any CPU.Deploy.0 = Debug|Any CPU
		{6DAA3B06-7C37-43A9-BB00-4D12E5A993CC}.Release|Any CPU.ActiveCfg = Release|Any CPU
		{6DAA3B06-7C37-43A9-BB00-4D12E5A993CC}.Release|Any CPU.Build.0 = Release|Any CPU
		{6DAA3B06-7C37-43A9-BB00-4D12E5A993CC}.Release|Any CPU.Deploy.0 = Release|Any CPU
		{00E0BEFB-3DE6-4F51-90CB-804F413A321B}.Debug|Any CPU.ActiveCfg = Debug|Any CPU
		{00E0BEFB-3DE6-4F51-90CB-804F413A321B}.Debug|Any CPU.Build.0 = Debug|Any CPU
		{00E0BEFB-3DE6-4F51-90CB-804F413A321B}.Release|Any CPU.ActiveCfg = Release|Any CPU
		{00E0BEFB-3DE6-4F51-90CB-804F413A321B}.Release|Any CPU.Build.0 = Release|Any CPU
	EndGlobalSection
	GlobalSection(SolutionProperties) = preSolution
		HideSolutionNode = FALSE
	EndGlobalSection
	GlobalSection(ExtensibilityGlobals) = postSolution
		SolutionGuid = {4D95183A-9A5B-4144-AC70-5ED6321DB16E}
	EndGlobalSection
EndGlobal
